
Microsoft Visual Studio Solution File, Format Version 12.00
# Visual Studio 14
VisualStudioVersion = 14.0.25420.1
MinimumVisualStudioVersion = 10.0.40219.1
Project("{FAE04EC0-301F-11D3-BF4B-00C04F79EFBC}") = "Lab_11-PersonClass", "Lab_11-PersonClass\Lab_11-PersonClass.csproj", "{C7609B78-A1B4-4D96-A9D8-770E02AB4BDC}"
EndProject
Global
	GlobalSection(SolutionConfigurationPlatforms) = preSolution
		Debug|Any CPU = Debug|Any CPU
		Release|Any CPU = Release|Any CPU
	EndGlobalSection
	GlobalSection(ProjectConfigurationPlatforms) = postSolution
		{C7609B78-A1B4-4D96-A9D8-770E02AB4BDC}.Debug|Any CPU.ActiveCfg = Debug|Any CPU
		{C7609B78-A1B4-4D96-A9D8-770E02AB4BDC}.Debug|Any CPU.Build.0 = Debug|Any CPU
		{C7609B78-A1B4-4D96-A9D8-770E02AB4BDC}.Release|Any CPU.ActiveCfg = Release|Any CPU
		{C7609B78-A1B4-4D96-A9D8-770E02AB4BDC}.Release|Any CPU.Build.0 = Release|Any CPU
	EndGlobalSection
	GlobalSection(SolutionProperties) = preSolution
		HideSolutionNode = FALSE
	EndGlobalSection
EndGlobal
